// !$*UTF8*$!
{
	archiveVersion = 1;
	classes = {
	};
	objectVersion = 56;
	objects = {

/* Begin PBXBuildFile section */
		6CBAD97F2C9C5F8B00242AAD /* WiFiScanApp.swift in Sources */ = {isa = PBXBuildFile; fileRef = 6CBAD97E2C9C5F8B00242AAD /* WiFiScanApp.swift */; };
		6CBAD9812C9C5F8B00242AAD /* FetcherView.swift in Sources */ = {isa = PBXBuildFile; fileRef = 6CBAD9802C9C5F8B00242AAD /* FetcherView.swift */; };
		6CBAD9832C9C5F9100242AAD /* Assets.xcassets in Resources */ = {isa = PBXBuildFile; fileRef = 6CBAD9822C9C5F9100242AAD /* Assets.xcassets */; };
		6CBAD9862C9C5F9100242AAD /* Preview Assets.xcassets in Resources */ = {isa = PBXBuildFile; fileRef = 6CBAD9852C9C5F9100242AAD /* Preview Assets.xcassets */; };
		6CE55C932C9D71F00081681F /* Localizable.strings in Resources */ = {isa = PBXBuildFile; fileRef = 6CE55C912C9D71F00081681F /* Localizable.strings */; };
		6CE55C982C9D72BE0081681F /* Fonts+Generated.swift in Sources */ = {isa = PBXBuildFile; fileRef = 6CE55C952C9D72BE0081681F /* Fonts+Generated.swift */; };
		6CE55C992C9D72BE0081681F /* Strings+Generated.swift in Sources */ = {isa = PBXBuildFile; fileRef = 6CE55C962C9D72BE0081681F /* Strings+Generated.swift */; };
		6CE55C9A2C9D72BE0081681F /* XCAssets+Generated.swift in Sources */ = {isa = PBXBuildFile; fileRef = 6CE55C972C9D72BE0081681F /* XCAssets+Generated.swift */; };
		6CE55C9E2C9D765E0081681F /* IBMPlexSans-Bold.ttf in Resources */ = {isa = PBXBuildFile; fileRef = 6CE55C9B2C9D765E0081681F /* IBMPlexSans-Bold.ttf */; };
		6CE55C9F2C9D765E0081681F /* IBMPlexSans-Medium.ttf in Resources */ = {isa = PBXBuildFile; fileRef = 6CE55C9C2C9D765E0081681F /* IBMPlexSans-Medium.ttf */; };
		6CE55CA02C9D765E0081681F /* IBMPlexSans-Regular.ttf in Resources */ = {isa = PBXBuildFile; fileRef = 6CE55C9D2C9D765E0081681F /* IBMPlexSans-Regular.ttf */; };
		6CE55CA72C9D77210081681F /* Font+Extension.swift in Sources */ = {isa = PBXBuildFile; fileRef = 6CE55CA62C9D77210081681F /* Font+Extension.swift */; };
		6CE55CA92C9D794C0081681F /* Color+Extension.swift in Sources */ = {isa = PBXBuildFile; fileRef = 6CE55CA82C9D794C0081681F /* Color+Extension.swift */; };
		6CE55CAE2C9D80870081681F /* Alamofire in Frameworks */ = {isa = PBXBuildFile; productRef = 6CE55CAD2C9D80870081681F /* Alamofire */; };
		6CE55CB02C9D80870081681F /* AlamofireDynamic in Frameworks */ = {isa = PBXBuildFile; productRef = 6CE55CAF2C9D80870081681F /* AlamofireDynamic */; };
		6CE55CB32C9D80DE0081681F /* AlamofireManager.swift in Sources */ = {isa = PBXBuildFile; fileRef = 6CE55CB22C9D80DE0081681F /* AlamofireManager.swift */; };
		6CE55CB52C9D81200081681F /* Constants.swift in Sources */ = {isa = PBXBuildFile; fileRef = 6CE55CB42C9D81200081681F /* Constants.swift */; };
		6CE55CB82C9D84210081681F /* TodoItem.swift in Sources */ = {isa = PBXBuildFile; fileRef = 6CE55CB72C9D84200081681F /* TodoItem.swift */; };
		6CE55CBB2C9D847E0081681F /* FetcherViewModel.swift in Sources */ = {isa = PBXBuildFile; fileRef = 6CE55CBA2C9D847E0081681F /* FetcherViewModel.swift */; };
		6CE55CBE2C9D8C7A0081681F /* FetchStatus+Enum.swift in Sources */ = {isa = PBXBuildFile; fileRef = 6CE55CBD2C9D8C780081681F /* FetchStatus+Enum.swift */; };
		6CE55CC22C9DA33D0081681F /* ResultView.swift in Sources */ = {isa = PBXBuildFile; fileRef = 6CE55CC12C9DA33D0081681F /* ResultView.swift */; };
/* End PBXBuildFile section */

/* Begin PBXFileReference section */
		6CBAD97B2C9C5F8B00242AAD /* WiFiScan.app */ = {isa = PBXFileReference; explicitFileType = wrapper.application; includeInIndex = 0; path = WiFiScan.app; sourceTree = BUILT_PRODUCTS_DIR; };
		6CBAD97E2C9C5F8B00242AAD /* WiFiScanApp.swift */ = {isa = PBXFileReference; lastKnownFileType = sourcecode.swift; path = WiFiScanApp.swift; sourceTree = "<group>"; };
		6CBAD9802C9C5F8B00242AAD /* FetcherView.swift */ = {isa = PBXFileReference; lastKnownFileType = sourcecode.swift; path = FetcherView.swift; sourceTree = "<group>"; };
		6CBAD9822C9C5F9100242AAD /* Assets.xcassets */ = {isa = PBXFileReference; lastKnownFileType = folder.assetcatalog; path = Assets.xcassets; sourceTree = "<group>"; };
		6CBAD9852C9C5F9100242AAD /* Preview Assets.xcassets */ = {isa = PBXFileReference; lastKnownFileType = folder.assetcatalog; path = "Preview Assets.xcassets"; sourceTree = "<group>"; };
		6CE55C922C9D71F00081681F /* en */ = {isa = PBXFileReference; lastKnownFileType = text.plist.strings; name = en; path = en.lproj/Localizable.strings; sourceTree = "<group>"; };
		6CE55C952C9D72BE0081681F /* Fonts+Generated.swift */ = {isa = PBXFileReference; fileEncoding = 4; lastKnownFileType = sourcecode.swift; path = "Fonts+Generated.swift"; sourceTree = "<group>"; };
		6CE55C962C9D72BE0081681F /* Strings+Generated.swift */ = {isa = PBXFileReference; fileEncoding = 4; lastKnownFileType = sourcecode.swift; path = "Strings+Generated.swift"; sourceTree = "<group>"; };
		6CE55C972C9D72BE0081681F /* XCAssets+Generated.swift */ = {isa = PBXFileReference; fileEncoding = 4; lastKnownFileType = sourcecode.swift; path = "XCAssets+Generated.swift"; sourceTree = "<group>"; };
		6CE55C9B2C9D765E0081681F /* IBMPlexSans-Bold.ttf */ = {isa = PBXFileReference; lastKnownFileType = file; path = "IBMPlexSans-Bold.ttf"; sourceTree = "<group>"; };
		6CE55C9C2C9D765E0081681F /* IBMPlexSans-Medium.ttf */ = {isa = PBXFileReference; lastKnownFileType = file; path = "IBMPlexSans-Medium.ttf"; sourceTree = "<group>"; };
		6CE55C9D2C9D765E0081681F /* IBMPlexSans-Regular.ttf */ = {isa = PBXFileReference; lastKnownFileType = file; path = "IBMPlexSans-Regular.ttf"; sourceTree = "<group>"; };
		6CE55CA12C9D76660081681F /* Info.plist */ = {isa = PBXFileReference; lastKnownFileType = text.plist.xml; path = Info.plist; sourceTree = "<group>"; };
		6CE55CA62C9D77210081681F /* Font+Extension.swift */ = {isa = PBXFileReference; lastKnownFileType = sourcecode.swift; path = "Font+Extension.swift"; sourceTree = "<group>"; };
		6CE55CA82C9D794C0081681F /* Color+Extension.swift */ = {isa = PBXFileReference; lastKnownFileType = sourcecode.swift; path = "Color+Extension.swift"; sourceTree = "<group>"; };
		6CE55CB22C9D80DE0081681F /* AlamofireManager.swift */ = {isa = PBXFileReference; lastKnownFileType = sourcecode.swift; path = AlamofireManager.swift; sourceTree = "<group>"; };
		6CE55CB42C9D81200081681F /* Constants.swift */ = {isa = PBXFileReference; lastKnownFileType = sourcecode.swift; path = Constants.swift; sourceTree = "<group>"; };
		6CE55CB72C9D84200081681F /* TodoItem.swift */ = {isa = PBXFileReference; lastKnownFileType = sourcecode.swift; path = TodoItem.swift; sourceTree = "<group>"; };
		6CE55CBA2C9D847E0081681F /* FetcherViewModel.swift */ = {isa = PBXFileReference; lastKnownFileType = sourcecode.swift; path = FetcherViewModel.swift; sourceTree = "<group>"; };
		6CE55CBD2C9D8C780081681F /* FetchStatus+Enum.swift */ = {isa = PBXFileReference; lastKnownFileType = sourcecode.swift; path = "FetchStatus+Enum.swift"; sourceTree = "<group>"; };
		6CE55CC12C9DA33D0081681F /* ResultView.swift */ = {isa = PBXFileReference; lastKnownFileType = sourcecode.swift; path = ResultView.swift; sourceTree = "<group>"; };
/* End PBXFileReference section */

/* Begin PBXFrameworksBuildPhase section */
		6CBAD9782C9C5F8B00242AAD /* Frameworks */ = {
			isa = PBXFrameworksBuildPhase;
			buildActionMask = 2147483647;
			files = (
				6CE55CAE2C9D80870081681F /* Alamofire in Frameworks */,
				6CE55CB02C9D80870081681F /* AlamofireDynamic in Frameworks */,
			);
			runOnlyForDeploymentPostprocessing = 0;
		};
/* End PBXFrameworksBuildPhase section */

/* Begin PBXGroup section */
		6CBAD9722C9C5F8B00242AAD = {
			isa = PBXGroup;
			children = (
				6CBAD97D2C9C5F8B00242AAD /* WiFiScan */,
				6CBAD97C2C9C5F8B00242AAD /* Products */,
			);
			sourceTree = "<group>";
		};
		6CBAD97C2C9C5F8B00242AAD /* Products */ = {
			isa = PBXGroup;
			children = (
				6CBAD97B2C9C5F8B00242AAD /* WiFiScan.app */,
			);
			name = Products;
			sourceTree = "<group>";
		};
		6CBAD97D2C9C5F8B00242AAD /* WiFiScan */ = {
			isa = PBXGroup;
			children = (
				6CE55C8C2C9D71AE0081681F /* App */,
				6CE55C8D2C9D71B80081681F /* Generated */,
				6CE55CB12C9D808E0081681F /* Services */,
				6CE55CAA2C9D7A5E0081681F /* FetcherModule */,
				6CE55CBF2C9DA3120081681F /* ResultModule */,
				6CE55CA42C9D77070081681F /* Helpers */,
				6CE55C8F2C9D71CE0081681F /* Fonts */,
				6CE55C902C9D71D80081681F /* Strings */,
				6CBAD9822C9C5F9100242AAD /* Assets.xcassets */,
				6CBAD9842C9C5F9100242AAD /* Preview Content */,
			);
			path = WiFiScan;
			sourceTree = "<group>";
		};
		6CBAD9842C9C5F9100242AAD /* Preview Content */ = {
			isa = PBXGroup;
			children = (
				6CBAD9852C9C5F9100242AAD /* Preview Assets.xcassets */,
			);
			path = "Preview Content";
			sourceTree = "<group>";
		};
		6CE55C8C2C9D71AE0081681F /* App */ = {
			isa = PBXGroup;
			children = (
				6CE55CA12C9D76660081681F /* Info.plist */,
				6CBAD97E2C9C5F8B00242AAD /* WiFiScanApp.swift */,
			);
			path = App;
			sourceTree = "<group>";
		};
		6CE55C8D2C9D71B80081681F /* Generated */ = {
			isa = PBXGroup;
			children = (
				6CE55C952C9D72BE0081681F /* Fonts+Generated.swift */,
				6CE55C962C9D72BE0081681F /* Strings+Generated.swift */,
				6CE55C972C9D72BE0081681F /* XCAssets+Generated.swift */,
			);
			path = Generated;
			sourceTree = "<group>";
		};
		6CE55C8F2C9D71CE0081681F /* Fonts */ = {
			isa = PBXGroup;
			children = (
				6CE55C9B2C9D765E0081681F /* IBMPlexSans-Bold.ttf */,
				6CE55C9C2C9D765E0081681F /* IBMPlexSans-Medium.ttf */,
				6CE55C9D2C9D765E0081681F /* IBMPlexSans-Regular.ttf */,
			);
			path = Fonts;
			sourceTree = "<group>";
		};
		6CE55C902C9D71D80081681F /* Strings */ = {
			isa = PBXGroup;
			children = (
				6CE55C912C9D71F00081681F /* Localizable.strings */,
			);
			path = Strings;
			sourceTree = "<group>";
		};
		6CE55CA42C9D77070081681F /* Helpers */ = {
			isa = PBXGroup;
			children = (
				6CE55CB42C9D81200081681F /* Constants.swift */,
				6CE55CA52C9D77120081681F /* Extensions */,
				6CE55CBC2C9D8C570081681F /* Enums */,
			);
			path = Helpers;
			sourceTree = "<group>";
		};
		6CE55CA52C9D77120081681F /* Extensions */ = {
			isa = PBXGroup;
			children = (
				6CE55CA62C9D77210081681F /* Font+Extension.swift */,
				6CE55CA82C9D794C0081681F /* Color+Extension.swift */,
			);
			path = Extensions;
			sourceTree = "<group>";
		};
		6CE55CAA2C9D7A5E0081681F /* FetcherModule */ = {
			isa = PBXGroup;
			children = (
				6CE55CB62C9D84030081681F /* Model */,
				6CE55CAB2C9D7A660081681F /* View */,
				6CE55CB92C9D846E0081681F /* ViewModel */,
			);
			path = FetcherModule;
			sourceTree = "<group>";
		};
		6CE55CAB2C9D7A660081681F /* View */ = {
			isa = PBXGroup;
			children = (
				6CBAD9802C9C5F8B00242AAD /* FetcherView.swift */,
			);
			path = View;
			sourceTree = "<group>";
		};
		6CE55CB12C9D808E0081681F /* Services */ = {
			isa = PBXGroup;
			children = (
				6CE55CB22C9D80DE0081681F /* AlamofireManager.swift */,
			);
			path = Services;
			sourceTree = "<group>";
		};
		6CE55CB62C9D84030081681F /* Model */ = {
			isa = PBXGroup;
			children = (
				6CE55CB72C9D84200081681F /* TodoItem.swift */,
			);
			path = Model;
			sourceTree = "<group>";
		};
		6CE55CB92C9D846E0081681F /* ViewModel */ = {
			isa = PBXGroup;
			children = (
				6CE55CBA2C9D847E0081681F /* FetcherViewModel.swift */,
			);
			path = ViewModel;
			sourceTree = "<group>";
		};
		6CE55CBC2C9D8C570081681F /* Enums */ = {
			isa = PBXGroup;
			children = (
				6CE55CBD2C9D8C780081681F /* FetchStatus+Enum.swift */,
			);
			path = Enums;
			sourceTree = "<group>";
		};
		6CE55CBF2C9DA3120081681F /* ResultModule */ = {
			isa = PBXGroup;
			children = (
				6CE55CC02C9DA3250081681F /* View */,
			);
			path = ResultModule;
			sourceTree = "<group>";
		};
		6CE55CC02C9DA3250081681F /* View */ = {
			isa = PBXGroup;
			children = (
				6CE55CC12C9DA33D0081681F /* ResultView.swift */,
			);
			path = View;
			sourceTree = "<group>";
		};
/* End PBXGroup section */

/* Begin PBXNativeTarget section */
		6CBAD97A2C9C5F8B00242AAD /* WiFiScan */ = {
			isa = PBXNativeTarget;
			buildConfigurationList = 6CBAD9892C9C5F9100242AAD /* Build configuration list for PBXNativeTarget "WiFiScan" */;
			buildPhases = (
				6CBAD9772C9C5F8B00242AAD /* Sources */,
				6CBAD9782C9C5F8B00242AAD /* Frameworks */,
				6CBAD9792C9C5F8B00242AAD /* Resources */,
				6CE55C942C9D72800081681F /* SwiftGen */,
			);
			buildRules = (
			);
			dependencies = (
			);
			name = WiFiScan;
			packageProductDependencies = (
				6CE55CAD2C9D80870081681F /* Alamofire */,
				6CE55CAF2C9D80870081681F /* AlamofireDynamic */,
			);
			productName = WiFiScan;
			productReference = 6CBAD97B2C9C5F8B00242AAD /* WiFiScan.app */;
			productType = "com.apple.product-type.application";
		};
/* End PBXNativeTarget section */

/* Begin PBXProject section */
		6CBAD9732C9C5F8B00242AAD /* Project object */ = {
			isa = PBXProject;
			attributes = {
				BuildIndependentTargetsInParallel = 1;
				LastSwiftUpdateCheck = 1530;
				LastUpgradeCheck = 1530;
				TargetAttributes = {
					6CBAD97A2C9C5F8B00242AAD = {
						CreatedOnToolsVersion = 15.3;
					};
				};
			};
			buildConfigurationList = 6CBAD9762C9C5F8B00242AAD /* Build configuration list for PBXProject "WiFiScan" */;
			compatibilityVersion = "Xcode 14.0";
			developmentRegion = en;
			hasScannedForEncodings = 0;
			knownRegions = (
				en,
				Base,
			);
			mainGroup = 6CBAD9722C9C5F8B00242AAD;
			packageReferences = (
				6CE55CAC2C9D80870081681F /* XCRemoteSwiftPackageReference "Alamofire" */,
			);
			productRefGroup = 6CBAD97C2C9C5F8B00242AAD /* Products */;
			projectDirPath = "";
			projectRoot = "";
			targets = (
				6CBAD97A2C9C5F8B00242AAD /* WiFiScan */,
			);
		};
/* End PBXProject section */

/* Begin PBXResourcesBuildPhase section */
		6CBAD9792C9C5F8B00242AAD /* Resources */ = {
			isa = PBXResourcesBuildPhase;
			buildActionMask = 2147483647;
			files = (
				6CE55C9E2C9D765E0081681F /* IBMPlexSans-Bold.ttf in Resources */,
				6CBAD9862C9C5F9100242AAD /* Preview Assets.xcassets in Resources */,
				6CE55C932C9D71F00081681F /* Localizable.strings in Resources */,
				6CBAD9832C9C5F9100242AAD /* Assets.xcassets in Resources */,
				6CE55CA02C9D765E0081681F /* IBMPlexSans-Regular.ttf in Resources */,
				6CE55C9F2C9D765E0081681F /* IBMPlexSans-Medium.ttf in Resources */,
			);
			runOnlyForDeploymentPostprocessing = 0;
		};
/* End PBXResourcesBuildPhase section */

/* Begin PBXShellScriptBuildPhase section */
		6CE55C942C9D72800081681F /* SwiftGen */ = {
			isa = PBXShellScriptBuildPhase;
			alwaysOutOfDate = 1;
			buildActionMask = 2147483647;
			files = (
			);
			inputFileListPaths = (
			);
			inputPaths = (
			);
			name = SwiftGen;
			outputFileListPaths = (
			);
			outputPaths = (
			);
			runOnlyForDeploymentPostprocessing = 0;
			shellPath = /bin/sh;
			shellScript = "if which swiftgen >/dev/null; then\n  swiftgen\nelse\n  echo \"warning: SwiftGen not installed, download it from https://github.com/SwiftGen/SwiftGen\"\nfi\n";
		};
/* End PBXShellScriptBuildPhase section */

/* Begin PBXSourcesBuildPhase section */
		6CBAD9772C9C5F8B00242AAD /* Sources */ = {
			isa = PBXSourcesBuildPhase;
			buildActionMask = 2147483647;
			files = (
				6CE55CB82C9D84210081681F /* TodoItem.swift in Sources */,
				6CE55C9A2C9D72BE0081681F /* XCAssets+Generated.swift in Sources */,
				6CE55CA92C9D794C0081681F /* Color+Extension.swift in Sources */,
				6CE55CBE2C9D8C7A0081681F /* FetchStatus+Enum.swift in Sources */,
				6CE55C982C9D72BE0081681F /* Fonts+Generated.swift in Sources */,
				6CE55CA72C9D77210081681F /* Font+Extension.swift in Sources */,
				6CE55CB32C9D80DE0081681F /* AlamofireManager.swift in Sources */,
				6CE55CC22C9DA33D0081681F /* ResultView.swift in Sources */,
				6CBAD9812C9C5F8B00242AAD /* FetcherView.swift in Sources */,
				6CE55C992C9D72BE0081681F /* Strings+Generated.swift in Sources */,
				6CBAD97F2C9C5F8B00242AAD /* WiFiScanApp.swift in Sources */,
				6CE55CBB2C9D847E0081681F /* FetcherViewModel.swift in Sources */,
				6CE55CB52C9D81200081681F /* Constants.swift in Sources */,
			);
			runOnlyForDeploymentPostprocessing = 0;
		};
/* End PBXSourcesBuildPhase section */

/* Begin PBXVariantGroup section */
		6CE55C912C9D71F00081681F /* Localizable.strings */ = {
			isa = PBXVariantGroup;
			children = (
				6CE55C922C9D71F00081681F /* en */,
			);
			name = Localizable.strings;
			sourceTree = "<group>";
		};
/* End PBXVariantGroup section */

/* Begin XCBuildConfiguration section */
		6CBAD9872C9C5F9100242AAD /* Debug */ = {
			isa = XCBuildConfiguration;
			buildSettings = {
				ALWAYS_SEARCH_USER_PATHS = NO;
				ASSETCATALOG_COMPILER_GENERATE_SWIFT_ASSET_SYMBOL_EXTENSIONS = YES;
				CLANG_ANALYZER_NONNULL = YES;
				CLANG_ANALYZER_NUMBER_OBJECT_CONVERSION = YES_AGGRESSIVE;
				CLANG_CXX_LANGUAGE_STANDARD = "gnu++20";
				CLANG_ENABLE_MODULES = YES;
				CLANG_ENABLE_OBJC_ARC = YES;
				CLANG_ENABLE_OBJC_WEAK = YES;
				CLANG_WARN_BLOCK_CAPTURE_AUTORELEASING = YES;
				CLANG_WARN_BOOL_CONVERSION = YES;
				CLANG_WARN_COMMA = YES;
				CLANG_WARN_CONSTANT_CONVERSION = YES;
				CLANG_WARN_DEPRECATED_OBJC_IMPLEMENTATIONS = YES;
				CLANG_WARN_DIRECT_OBJC_ISA_USAGE = YES_ERROR;
				CLANG_WARN_DOCUMENTATION_COMMENTS = YES;
				CLANG_WARN_EMPTY_BODY = YES;
				CLANG_WARN_ENUM_CONVERSION = YES;
				CLANG_WARN_INFINITE_RECURSION = YES;
				CLANG_WARN_INT_CONVERSION = YES;
				CLANG_WARN_NON_LITERAL_NULL_CONVERSION = YES;
				CLANG_WARN_OBJC_IMPLICIT_RETAIN_SELF = YES;
				CLANG_WARN_OBJC_LITERAL_CONVERSION = YES;
				CLANG_WARN_OBJC_ROOT_CLASS = YES_ERROR;
				CLANG_WARN_QUOTED_INCLUDE_IN_FRAMEWORK_HEADER = YES;
				CLANG_WARN_RANGE_LOOP_ANALYSIS = YES;
				CLANG_WARN_STRICT_PROTOTYPES = YES;
				CLANG_WARN_SUSPICIOUS_MOVE = YES;
				CLANG_WARN_UNGUARDED_AVAILABILITY = YES_AGGRESSIVE;
				CLANG_WARN_UNREACHABLE_CODE = YES;
				CLANG_WARN__DUPLICATE_METHOD_MATCH = YES;
				COPY_PHASE_STRIP = NO;
				DEBUG_INFORMATION_FORMAT = dwarf;
				ENABLE_STRICT_OBJC_MSGSEND = YES;
				ENABLE_TESTABILITY = YES;
				ENABLE_USER_SCRIPT_SANDBOXING = YES;
				GCC_C_LANGUAGE_STANDARD = gnu17;
				GCC_DYNAMIC_NO_PIC = NO;
				GCC_NO_COMMON_BLOCKS = YES;
				GCC_OPTIMIZATION_LEVEL = 0;
				GCC_PREPROCESSOR_DEFINITIONS = (
					"DEBUG=1",
					"$(inherited)",
				);
				GCC_WARN_64_TO_32_BIT_CONVERSION = YES;
				GCC_WARN_ABOUT_RETURN_TYPE = YES_ERROR;
				GCC_WARN_UNDECLARED_SELECTOR = YES;
				GCC_WARN_UNINITIALIZED_AUTOS = YES_AGGRESSIVE;
				GCC_WARN_UNUSED_FUNCTION = YES;
				GCC_WARN_UNUSED_VARIABLE = YES;
				IPHONEOS_DEPLOYMENT_TARGET = 15.0;
				LOCALIZATION_PREFERS_STRING_CATALOGS = YES;
				MTL_ENABLE_DEBUG_INFO = INCLUDE_SOURCE;
				MTL_FAST_MATH = YES;
				ONLY_ACTIVE_ARCH = YES;
				SDKROOT = iphoneos;
				SWIFT_ACTIVE_COMPILATION_CONDITIONS = "DEBUG $(inherited)";
				SWIFT_OPTIMIZATION_LEVEL = "-Onone";
			};
			name = Debug;
		};
		6CBAD9882C9C5F9100242AAD /* Release */ = {
			isa = XCBuildConfiguration;
			buildSettings = {
				ALWAYS_SEARCH_USER_PATHS = NO;
				ASSETCATALOG_COMPILER_GENERATE_SWIFT_ASSET_SYMBOL_EXTENSIONS = YES;
				CLANG_ANALYZER_NONNULL = YES;
				CLANG_ANALYZER_NUMBER_OBJECT_CONVERSION = YES_AGGRESSIVE;
				CLANG_CXX_LANGUAGE_STANDARD = "gnu++20";
				CLANG_ENABLE_MODULES = YES;
				CLANG_ENABLE_OBJC_ARC = YES;
				CLANG_ENABLE_OBJC_WEAK = YES;
				CLANG_WARN_BLOCK_CAPTURE_AUTORELEASING = YES;
				CLANG_WARN_BOOL_CONVERSION = YES;
				CLANG_WARN_COMMA = YES;
				CLANG_WARN_CONSTANT_CONVERSION = YES;
				CLANG_WARN_DEPRECATED_OBJC_IMPLEMENTATIONS = YES;
				CLANG_WARN_DIRECT_OBJC_ISA_USAGE = YES_ERROR;
				CLANG_WARN_DOCUMENTATION_COMMENTS = YES;
				CLANG_WARN_EMPTY_BODY = YES;
				CLANG_WARN_ENUM_CONVERSION = YES;
				CLANG_WARN_INFINITE_RECURSION = YES;
				CLANG_WARN_INT_CONVERSION = YES;
				CLANG_WARN_NON_LITERAL_NULL_CONVERSION = YES;
				CLANG_WARN_OBJC_IMPLICIT_RETAIN_SELF = YES;
				CLANG_WARN_OBJC_LITERAL_CONVERSION = YES;
				CLANG_WARN_OBJC_ROOT_CLASS = YES_ERROR;
				CLANG_WARN_QUOTED_INCLUDE_IN_FRAMEWORK_HEADER = YES;
				CLANG_WARN_RANGE_LOOP_ANALYSIS = YES;
				CLANG_WARN_STRICT_PROTOTYPES = YES;
				CLANG_WARN_SUSPICIOUS_MOVE = YES;
				CLANG_WARN_UNGUARDED_AVAILABILITY = YES_AGGRESSIVE;
				CLANG_WARN_UNREACHABLE_CODE = YES;
				CLANG_WARN__DUPLICATE_METHOD_MATCH = YES;
				COPY_PHASE_STRIP = NO;
				DEBUG_INFORMATION_FORMAT = "dwarf-with-dsym";
				ENABLE_NS_ASSERTIONS = NO;
				ENABLE_STRICT_OBJC_MSGSEND = YES;
				ENABLE_USER_SCRIPT_SANDBOXING = YES;
				GCC_C_LANGUAGE_STANDARD = gnu17;
				GCC_NO_COMMON_BLOCKS = YES;
				GCC_WARN_64_TO_32_BIT_CONVERSION = YES;
				GCC_WARN_ABOUT_RETURN_TYPE = YES_ERROR;
				GCC_WARN_UNDECLARED_SELECTOR = YES;
				GCC_WARN_UNINITIALIZED_AUTOS = YES_AGGRESSIVE;
				GCC_WARN_UNUSED_FUNCTION = YES;
				GCC_WARN_UNUSED_VARIABLE = YES;
				IPHONEOS_DEPLOYMENT_TARGET = 15.0;
				LOCALIZATION_PREFERS_STRING_CATALOGS = YES;
				MTL_ENABLE_DEBUG_INFO = NO;
				MTL_FAST_MATH = YES;
				SDKROOT = iphoneos;
				SWIFT_COMPILATION_MODE = wholemodule;
				VALIDATE_PRODUCT = YES;
			};
			name = Release;
		};
		6CBAD98A2C9C5F9100242AAD /* Debug */ = {
			isa = XCBuildConfiguration;
			buildSettings = {
				ASSETCATALOG_COMPILER_APPICON_NAME = AppIcon;
				ASSETCATALOG_COMPILER_GLOBAL_ACCENT_COLOR_NAME = AccentColor;
				CODE_SIGN_STYLE = Automatic;
				CURRENT_PROJECT_VERSION = 1;
				DEVELOPMENT_ASSET_PATHS = "\"WiFiScan/Preview Content\"";
				DEVELOPMENT_TEAM = 7LVP8USRP3;
				ENABLE_PREVIEWS = YES;
				ENABLE_USER_SCRIPT_SANDBOXING = NO;
				GENERATE_INFOPLIST_FILE = YES;
				INFOPLIST_FILE = WiFiScan/App/Info.plist;
				INFOPLIST_KEY_CFBundleDisplayName = "Wi-Fi Scan ";
				INFOPLIST_KEY_LSApplicationCategoryType = "public.app-category.utilities";
				INFOPLIST_KEY_UIApplicationSceneManifest_Generation = YES;
				INFOPLIST_KEY_UIApplicationSupportsIndirectInputEvents = YES;
				INFOPLIST_KEY_UILaunchScreen_Generation = YES;
				INFOPLIST_KEY_UISupportedInterfaceOrientations = UIInterfaceOrientationPortrait;
				LD_RUNPATH_SEARCH_PATHS = (
					"$(inherited)",
					"@executable_path/Frameworks",
				);
				MARKETING_VERSION = 1.0;
				PRODUCT_BUNDLE_IDENTIFIER = mk.WiFiScan;
				PRODUCT_NAME = "$(TARGET_NAME)";
				SUPPORTED_PLATFORMS = "iphoneos iphonesimulator";
				SUPPORTS_MACCATALYST = NO;
				SUPPORTS_MAC_DESIGNED_FOR_IPHONE_IPAD = NO;
				SUPPORTS_XR_DESIGNED_FOR_IPHONE_IPAD = NO;
				SWIFT_EMIT_LOC_STRINGS = YES;
				SWIFT_VERSION = 5.0;
				TARGETED_DEVICE_FAMILY = "1,2";
			};
			name = Debug;
		};
		6CBAD98B2C9C5F9100242AAD /* Release */ = {
			isa = XCBuildConfiguration;
			buildSettings = {
				ASSETCATALOG_COMPILER_APPICON_NAME = AppIcon;
				ASSETCATALOG_COMPILER_GLOBAL_ACCENT_COLOR_NAME = AccentColor;
				CODE_SIGN_STYLE = Automatic;
				CURRENT_PROJECT_VERSION = 1;
				DEVELOPMENT_ASSET_PATHS = "\"WiFiScan/Preview Content\"";
				DEVELOPMENT_TEAM = 7LVP8USRP3;
				ENABLE_PREVIEWS = YES;
				ENABLE_USER_SCRIPT_SANDBOXING = NO;
				GENERATE_INFOPLIST_FILE = YES;
				INFOPLIST_FILE = WiFiScan/App/Info.plist;
				INFOPLIST_KEY_CFBundleDisplayName = "Wi-Fi Scan ";
				INFOPLIST_KEY_LSApplicationCategoryType = "public.app-category.utilities";
				INFOPLIST_KEY_UIApplicationSceneManifest_Generation = YES;
				INFOPLIST_KEY_UIApplicationSupportsIndirectInputEvents = YES;
				INFOPLIST_KEY_UILaunchScreen_Generation = YES;
				INFOPLIST_KEY_UISupportedInterfaceOrientations = UIInterfaceOrientationPortrait;
				LD_RUNPATH_SEARCH_PATHS = (
					"$(inherited)",
					"@executable_path/Frameworks",
				);
				MARKETING_VERSION = 1.0;
				PRODUCT_BUNDLE_IDENTIFIER = mk.WiFiScan;
				PRODUCT_NAME = "$(TARGET_NAME)";
				SUPPORTED_PLATFORMS = "iphoneos iphonesimulator";
				SUPPORTS_MACCATALYST = NO;
				SUPPORTS_MAC_DESIGNED_FOR_IPHONE_IPAD = NO;
				SUPPORTS_XR_DESIGNED_FOR_IPHONE_IPAD = NO;
				SWIFT_EMIT_LOC_STRINGS = YES;
				SWIFT_VERSION = 5.0;
				TARGETED_DEVICE_FAMILY = "1,2";
			};
			name = Release;
		};
/* End XCBuildConfiguration section */

/* Begin XCConfigurationList section */
		6CBAD9762C9C5F8B00242AAD /* Build configuration list for PBXProject "WiFiScan" */ = {
			isa = XCConfigurationList;
			buildConfigurations = (
				6CBAD9872C9C5F9100242AAD /* Debug */,
				6CBAD9882C9C5F9100242AAD /* Release */,
			);
			defaultConfigurationIsVisible = 0;
			defaultConfigurationName = Release;
		};
		6CBAD9892C9C5F9100242AAD /* Build configuration list for PBXNativeTarget "WiFiScan" */ = {
			isa = XCConfigurationList;
			buildConfigurations = (
				6CBAD98A2C9C5F9100242AAD /* Debug */,
				6CBAD98B2C9C5F9100242AAD /* Release */,
			);
			defaultConfigurationIsVisible = 0;
			defaultConfigurationName = Release;
		};
/* End XCConfigurationList section */

/* Begin XCRemoteSwiftPackageReference section */
		6CE55CAC2C9D80870081681F /* XCRemoteSwiftPackageReference "Alamofire" */ = {
			isa = XCRemoteSwiftPackageReference;
			repositoryURL = "https://github.com/Alamofire/Alamofire.git";
			requirement = {
				kind = upToNextMajorVersion;
				minimumVersion = 5.9.1;
			};
		};
/* End XCRemoteSwiftPackageReference section */

/* Begin XCSwiftPackageProductDependency section */
		6CE55CAD2C9D80870081681F /* Alamofire */ = {
			isa = XCSwiftPackageProductDependency;
			package = 6CE55CAC2C9D80870081681F /* XCRemoteSwiftPackageReference "Alamofire" */;
			productName = Alamofire;
		};
		6CE55CAF2C9D80870081681F /* AlamofireDynamic */ = {
			isa = XCSwiftPackageProductDependency;
			package = 6CE55CAC2C9D80870081681F /* XCRemoteSwiftPackageReference "Alamofire" */;
			productName = AlamofireDynamic;
		};
/* End XCSwiftPackageProductDependency section */
	};
	rootObject = 6CBAD9732C9C5F8B00242AAD /* Project object */;
}
